
Microsoft Visual Studio Solution File, Format Version 12.00
# Visual Studio Version 16
VisualStudioVersion = 16.6.30114.105
MinimumVisualStudioVersion = 10.0.40219.1
Project("{2150E333-8FDC-42A3-9474-1A3956D46DE8}") = "src", "src", "{C1A0A1C2-A693-465F-99CB-E5C1BB0809B1}"
EndProject
Project("{FAE04EC0-301F-11D3-BF4B-00C04F79EFBC}") = "LightApp", "src\LightApp\LightApp.csproj", "{9393624C-DE04-42D2-8F4E-B7E6664ADC9F}"
EndProject
Global
	GlobalSection(SolutionConfigurationPlatforms) = preSolution
		Debug|Any CPU = Debug|Any CPU
		Debug|x64 = Debug|x64
		Debug|x86 = Debug|x86
		Release|Any CPU = Release|Any CPU
		Release|x64 = Release|x64
		Release|x86 = Release|x86
	EndGlobalSection
	GlobalSection(SolutionProperties) = preSolution
		HideSolutionNode = FALSE
	EndGlobalSection
	GlobalSection(ProjectConfigurationPlatforms) = postSolution
		{9393624C-DE04-42D2-8F4E-B7E6664ADC9F}.Debug|Any CPU.ActiveCfg = Debug|Any CPU
		{9393624C-DE04-42D2-8F4E-B7E6664ADC9F}.Debug|Any CPU.Build.0 = Debug|Any CPU
		{9393624C-DE04-42D2-8F4E-B7E6664ADC9F}.Debug|x64.ActiveCfg = Debug|Any CPU
		{9393624C-DE04-42D2-8F4E-B7E6664ADC9F}.Debug|x64.Build.0 = Debug|Any CPU
		{9393624C-DE04-42D2-8F4E-B7E6664ADC9F}.Debug|x86.ActiveCfg = Debug|Any CPU
		{9393624C-DE04-42D2-8F4E-B7E6664ADC9F}.Debug|x86.Build.0 = Debug|Any CPU
		{9393624C-DE04-42D2-8F4E-B7E6664ADC9F}.Release|Any CPU.ActiveCfg = Release|Any CPU
		{9393624C-DE04-42D2-8F4E-B7E6664ADC9F}.Release|Any CPU.Build.0 = Release|Any CPU
		{9393624C-DE04-42D2-8F4E-B7E6664ADC9F}.Release|x64.ActiveCfg = Release|Any CPU
		{9393624C-DE04-42D2-8F4E-B7E6664ADC9F}.Release|x64.Build.0 = Release|Any CPU
		{9393624C-DE04-42D2-8F4E-B7E6664ADC9F}.Release|x86.ActiveCfg = Release|Any CPU
		{9393624C-DE04-42D2-8F4E-B7E6664ADC9F}.Release|x86.Build.0 = Release|Any CPU
	EndGlobalSection
	GlobalSection(NestedProjects) = preSolution
		{9393624C-DE04-42D2-8F4E-B7E6664ADC9F} = {C1A0A1C2-A693-465F-99CB-E5C1BB0809B1}
	EndGlobalSection
EndGlobal
